
Microsoft Visual Studio Solution File, Format Version 12.00
# Visual Studio Version 17
VisualStudioVersion = 17.0.31903.59
MinimumVisualStudioVersion = 10.0.40219.1
Project("{FAE04EC0-301F-11D3-BF4B-00C04F79EFBC}") = "RealmRepo", "RealmRepo\RealmRepo.csproj", "{84F6A1FF-CC0A-42AD-A27D-56F2940729F4}"
EndProject
Project("{FAE04EC0-301F-11D3-BF4B-00C04F79EFBC}") = "RealmRepo.Tests", "RealmRepo.Tests\RealmRepo.Tests.csproj", "{3EEFE751-822A-4CD4-AEEC-B736DF1A42B7}"
EndProject
Global
	GlobalSection(SolutionConfigurationPlatforms) = preSolution
		Debug|Any CPU = Debug|Any CPU
		Release|Any CPU = Release|Any CPU
	EndGlobalSection
	GlobalSection(SolutionProperties) = preSolution
		HideSolutionNode = FALSE
	EndGlobalSection
	GlobalSection(ProjectConfigurationPlatforms) = postSolution
		{84F6A1FF-CC0A-42AD-A27D-56F2940729F4}.Debug|Any CPU.ActiveCfg = Debug|Any CPU
		{84F6A1FF-CC0A-42AD-A27D-56F2940729F4}.Debug|Any CPU.Build.0 = Debug|Any CPU
		{84F6A1FF-CC0A-42AD-A27D-56F2940729F4}.Release|Any CPU.ActiveCfg = Release|Any CPU
		{84F6A1FF-CC0A-42AD-A27D-56F2940729F4}.Release|Any CPU.Build.0 = Release|Any CPU
		{3EEFE751-822A-4CD4-AEEC-B736DF1A42B7}.Debug|Any CPU.ActiveCfg = Debug|Any CPU
		{3EEFE751-822A-4CD4-AEEC-B736DF1A42B7}.Debug|Any CPU.Build.0 = Debug|Any CPU
		{3EEFE751-822A-4CD4-AEEC-B736DF1A42B7}.Release|Any CPU.ActiveCfg = Release|Any CPU
		{3EEFE751-822A-4CD4-AEEC-B736DF1A42B7}.Release|Any CPU.Build.0 = Release|Any CPU
	EndGlobalSection
EndGlobal
